
Microsoft Visual Studio Solution File, Format Version 12.00
# Visual Studio Version 16
VisualStudioVersion = 16.0.30011.22
MinimumVisualStudioVersion = 10.0.40219.1
Project("{8BC9CEB8-8B4A-11D0-8D11-00A0C91BC942}") = "karma", "karma.vcxproj", "{55FCB402-DB26-4248-AA19-A8209F535834}"
EndProject
Project("{8BC9CEB8-8B4A-11D0-8D11-00A0C91BC942}") = "reflection", "tools\reflection\reflection.vcxproj", "{0131D512-C446-4D4C-AB15-842C7D440F7B}"
EndProject
Project("{8BC9CEB8-8B4A-11D0-8D11-00A0C91BC942}") = "ucd", "tools\ucd\ucd.vcxproj", "{0A57C234-59DC-4B67-A823-9C28076641DA}"
EndProject
Project("{8BC9CEB8-8B4A-11D0-8D11-00A0C91BC942}") = "shader", "tools\shader\shader.vcxproj", "{70714149-DD02-4651-AE9E-34076AD2FDCB}"
EndProject
Project("{8BC9CEB8-8B4A-11D0-8D11-00A0C91BC942}") = "karma_server", "karma_server.vcxproj", "{5948BA83-880C-475A-BF71-A82398E515A5}"
EndProject
Global
	GlobalSection(SolutionConfigurationPlatforms) = preSolution
		Debug|x64 = Debug|x64
		Debug|x86 = Debug|x86
		Debug-Fast|x64 = Debug-Fast|x64
		Debug-Fast|x86 = Debug-Fast|x86
		Developer|x64 = Developer|x64
		Developer|x86 = Developer|x86
		Release|x64 = Release|x64
		Release|x86 = Release|x86
	EndGlobalSection
	GlobalSection(ProjectConfigurationPlatforms) = postSolution
		{55FCB402-DB26-4248-AA19-A8209F535834}.Debug|x64.ActiveCfg = Debug|x64
		{55FCB402-DB26-4248-AA19-A8209F535834}.Debug|x64.Build.0 = Debug|x64
		{55FCB402-DB26-4248-AA19-A8209F535834}.Debug|x86.ActiveCfg = Debug|x64
		{55FCB402-DB26-4248-AA19-A8209F535834}.Debug-Fast|x64.ActiveCfg = Debug-Fast|x64
		{55FCB402-DB26-4248-AA19-A8209F535834}.Debug-Fast|x64.Build.0 = Debug-Fast|x64
		{55FCB402-DB26-4248-AA19-A8209F535834}.Debug-Fast|x86.ActiveCfg = Debug-Fast|x64
		{55FCB402-DB26-4248-AA19-A8209F535834}.Developer|x64.ActiveCfg = Developer|x64
		{55FCB402-DB26-4248-AA19-A8209F535834}.Developer|x64.Build.0 = Developer|x64
		{55FCB402-DB26-4248-AA19-A8209F535834}.Developer|x86.ActiveCfg = Developer|x64
		{55FCB402-DB26-4248-AA19-A8209F535834}.Release|x64.ActiveCfg = Release|x64
		{55FCB402-DB26-4248-AA19-A8209F535834}.Release|x64.Build.0 = Release|x64
		{55FCB402-DB26-4248-AA19-A8209F535834}.Release|x86.ActiveCfg = Release|x64
		{0131D512-C446-4D4C-AB15-842C7D440F7B}.Debug|x64.ActiveCfg = Debug|x64
		{0131D512-C446-4D4C-AB15-842C7D440F7B}.Debug|x64.Build.0 = Debug|x64
		{0131D512-C446-4D4C-AB15-842C7D440F7B}.Debug|x86.ActiveCfg = Debug|x64
		{0131D512-C446-4D4C-AB15-842C7D440F7B}.Debug-Fast|x64.ActiveCfg = Debug|x64
		{0131D512-C446-4D4C-AB15-842C7D440F7B}.Debug-Fast|x64.Build.0 = Debug|x64
		{0131D512-C446-4D4C-AB15-842C7D440F7B}.Debug-Fast|x86.ActiveCfg = Release|x64
		{0131D512-C446-4D4C-AB15-842C7D440F7B}.Debug-Fast|x86.Build.0 = Release|x64
		{0131D512-C446-4D4C-AB15-842C7D440F7B}.Developer|x64.ActiveCfg = Developer|x64
		{0131D512-C446-4D4C-AB15-842C7D440F7B}.Developer|x64.Build.0 = Developer|x64
		{0131D512-C446-4D4C-AB15-842C7D440F7B}.Developer|x86.ActiveCfg = Developer|x64
		{0131D512-C446-4D4C-AB15-842C7D440F7B}.Release|x64.ActiveCfg = Release|x64
		{0131D512-C446-4D4C-AB15-842C7D440F7B}.Release|x64.Build.0 = Release|x64
		{0131D512-C446-4D4C-AB15-842C7D440F7B}.Release|x86.ActiveCfg = Release|x64
		{0A57C234-59DC-4B67-A823-9C28076641DA}.Debug|x64.ActiveCfg = Debug|x64
		{0A57C234-59DC-4B67-A823-9C28076641DA}.Debug|x64.Build.0 = Debug|x64
		{0A57C234-59DC-4B67-A823-9C28076641DA}.Debug|x86.ActiveCfg = Debug|x64
		{0A57C234-59DC-4B67-A823-9C28076641DA}.Debug-Fast|x64.ActiveCfg = Debug|x64
		{0A57C234-59DC-4B67-A823-9C28076641DA}.Debug-Fast|x64.Build.0 = Debug|x64
		{0A57C234-59DC-4B67-A823-9C28076641DA}.Debug-Fast|x86.ActiveCfg = Release|x64
		{0A57C234-59DC-4B67-A823-9C28076641DA}.Debug-Fast|x86.Build.0 = Release|x64
		{0A57C234-59DC-4B67-A823-9C28076641DA}.Developer|x64.ActiveCfg = Developer|x64
		{0A57C234-59DC-4B67-A823-9C28076641DA}.Developer|x64.Build.0 = Developer|x64
		{0A57C234-59DC-4B67-A823-9C28076641DA}.Developer|x86.ActiveCfg = Developer|x64
		{0A57C234-59DC-4B67-A823-9C28076641DA}.Release|x64.ActiveCfg = Release|x64
		{0A57C234-59DC-4B67-A823-9C28076641DA}.Release|x64.Build.0 = Release|x64
		{0A57C234-59DC-4B67-A823-9C28076641DA}.Release|x86.ActiveCfg = Release|x64
		{70714149-DD02-4651-AE9E-34076AD2FDCB}.Debug|x64.ActiveCfg = Debug|x64
		{70714149-DD02-4651-AE9E-34076AD2FDCB}.Debug|x64.Build.0 = Debug|x64
		{70714149-DD02-4651-AE9E-34076AD2FDCB}.Debug|x86.ActiveCfg = Debug|x64
		{70714149-DD02-4651-AE9E-34076AD2FDCB}.Debug-Fast|x64.ActiveCfg = Debug|x64
		{70714149-DD02-4651-AE9E-34076AD2FDCB}.Debug-Fast|x64.Build.0 = Debug|x64
		{70714149-DD02-4651-AE9E-34076AD2FDCB}.Debug-Fast|x86.ActiveCfg = Release|x64
		{70714149-DD02-4651-AE9E-34076AD2FDCB}.Debug-Fast|x86.Build.0 = Release|x64
		{70714149-DD02-4651-AE9E-34076AD2FDCB}.Developer|x64.ActiveCfg = Developer|x64
		{70714149-DD02-4651-AE9E-34076AD2FDCB}.Developer|x64.Build.0 = Developer|x64
		{70714149-DD02-4651-AE9E-34076AD2FDCB}.Developer|x86.ActiveCfg = Developer|x64
		{70714149-DD02-4651-AE9E-34076AD2FDCB}.Release|x64.ActiveCfg = Release|x64
		{70714149-DD02-4651-AE9E-34076AD2FDCB}.Release|x64.Build.0 = Release|x64
		{70714149-DD02-4651-AE9E-34076AD2FDCB}.Release|x86.ActiveCfg = Release|x64
		{5948BA83-880C-475A-BF71-A82398E515A5}.Debug|x64.ActiveCfg = Debug|x64
		{5948BA83-880C-475A-BF71-A82398E515A5}.Debug|x64.Build.0 = Debug|x64
		{5948BA83-880C-475A-BF71-A82398E515A5}.Debug|x86.ActiveCfg = Debug|Win32
		{5948BA83-880C-475A-BF71-A82398E515A5}.Debug|x86.Build.0 = Debug|Win32
		{5948BA83-880C-475A-BF71-A82398E515A5}.Debug-Fast|x64.ActiveCfg = Debug-Fast|x64
		{5948BA83-880C-475A-BF71-A82398E515A5}.Debug-Fast|x64.Build.0 = Debug-Fast|x64
		{5948BA83-880C-475A-BF71-A82398E515A5}.Debug-Fast|x86.ActiveCfg = Debug|Win32
		{5948BA83-880C-475A-BF71-A82398E515A5}.Debug-Fast|x86.Build.0 = Debug|Win32
		{5948BA83-880C-475A-BF71-A82398E515A5}.Developer|x64.ActiveCfg = Developer|x64
		{5948BA83-880C-475A-BF71-A82398E515A5}.Developer|x64.Build.0 = Developer|x64
		{5948BA83-880C-475A-BF71-A82398E515A5}.Developer|x86.ActiveCfg = Debug|Win32
		{5948BA83-880C-475A-BF71-A82398E515A5}.Developer|x86.Build.0 = Debug|Win32
		{5948BA83-880C-475A-BF71-A82398E515A5}.Release|x64.ActiveCfg = Release|x64
		{5948BA83-880C-475A-BF71-A82398E515A5}.Release|x64.Build.0 = Release|x64
		{5948BA83-880C-475A-BF71-A82398E515A5}.Release|x86.ActiveCfg = Release|Win32
		{5948BA83-880C-475A-BF71-A82398E515A5}.Release|x86.Build.0 = Release|Win32
	EndGlobalSection
	GlobalSection(SolutionProperties) = preSolution
		HideSolutionNode = FALSE
	EndGlobalSection
	GlobalSection(ExtensibilityGlobals) = postSolution
		SolutionGuid = {6B6E42C5-F415-416F-8480-A03DA8954B45}
	EndGlobalSection
EndGlobal
